
Microsoft Visual Studio Solution File, Format Version 12.00
# Visual Studio Version 16
VisualStudioVersion = 16.0.29728.190
MinimumVisualStudioVersion = 10.0.40219.1
Project("{FAE04EC0-301F-11D3-BF4B-00C04F79EFBC}") = "TransformerApp", "TransformerApp\TransformerApp.csproj", "{232681A6-CC73-4E0E-8271-61B0C0DA39F1}"
EndProject
Global
	GlobalSection(SolutionConfigurationPlatforms) = preSolution
		Debug|Any CPU = Debug|Any CPU
		Release|Any CPU = Release|Any CPU
	EndGlobalSection
	GlobalSection(ProjectConfigurationPlatforms) = postSolution
		{232681A6-CC73-4E0E-8271-61B0C0DA39F1}.Debug|Any CPU.ActiveCfg = Debug|Any CPU
		{232681A6-CC73-4E0E-8271-61B0C0DA39F1}.Debug|Any CPU.Build.0 = Debug|Any CPU
		{232681A6-CC73-4E0E-8271-61B0C0DA39F1}.Release|Any CPU.ActiveCfg = Release|Any CPU
		{232681A6-CC73-4E0E-8271-61B0C0DA39F1}.Release|Any CPU.Build.0 = Release|Any CPU
	EndGlobalSection
	GlobalSection(SolutionProperties) = preSolution
		HideSolutionNode = FALSE
	EndGlobalSection
	GlobalSection(ExtensibilityGlobals) = postSolution
		SolutionGuid = {3E4A10B4-0B4B-4713-BAB1-8873915E05C6}
	EndGlobalSection
EndGlobal
